
Microsoft Visual Studio Solution File, Format Version 12.00
# Visual Studio Version 17
VisualStudioVersion = 17.8.34525.116
MinimumVisualStudioVersion = 10.0.40219.1
Project("{FAE04EC0-301F-11D3-BF4B-00C04F79EFBC}") = "Facade", "Facade.csproj", "{9FE07F3B-DBC8-49EE-AF76-5CFC55E89315}"
EndProject
Global
	GlobalSection(SolutionConfigurationPlatforms) = preSolution
		Debug|Any CPU = Debug|Any CPU
		Release|Any CPU = Release|Any CPU
	EndGlobalSection
	GlobalSection(ProjectConfigurationPlatforms) = postSolution
		{9FE07F3B-DBC8-49EE-AF76-5CFC55E89315}.Debug|Any CPU.ActiveCfg = Debug|Any CPU
		{9FE07F3B-DBC8-49EE-AF76-5CFC55E89315}.Debug|Any CPU.Build.0 = Debug|Any CPU
		{9FE07F3B-DBC8-49EE-AF76-5CFC55E89315}.Release|Any CPU.ActiveCfg = Release|Any CPU
		{9FE07F3B-DBC8-49EE-AF76-5CFC55E89315}.Release|Any CPU.Build.0 = Release|Any CPU
	EndGlobalSection
	GlobalSection(SolutionProperties) = preSolution
		HideSolutionNode = FALSE
	EndGlobalSection
	GlobalSection(ExtensibilityGlobals) = postSolution
		SolutionGuid = {D15CF339-4DD2-4647-A1FF-6F1F891393B4}
	EndGlobalSection
EndGlobal
